
Microsoft Visual Studio Solution File, Format Version 12.00
# Visual Studio Version 16
VisualStudioVersion = 16.0.30104.148
MinimumVisualStudioVersion = 10.0.40219.1
Project("{FAE04EC0-301F-11D3-BF4B-00C04F79EFBC}") = "Act3Cards", "Act3Cards\Act3Cards.csproj", "{B2267C1F-D30F-406F-99ED-136A7101EA15}"
EndProject
Global
	GlobalSection(SolutionConfigurationPlatforms) = preSolution
		Debug|Any CPU = Debug|Any CPU
		Release|Any CPU = Release|Any CPU
	EndGlobalSection
	GlobalSection(ProjectConfigurationPlatforms) = postSolution
		{B2267C1F-D30F-406F-99ED-136A7101EA15}.Debug|Any CPU.ActiveCfg = Debug|Any CPU
		{B2267C1F-D30F-406F-99ED-136A7101EA15}.Debug|Any CPU.Build.0 = Debug|Any CPU
		{B2267C1F-D30F-406F-99ED-136A7101EA15}.Release|Any CPU.ActiveCfg = Release|Any CPU
		{B2267C1F-D30F-406F-99ED-136A7101EA15}.Release|Any CPU.Build.0 = Release|Any CPU
	EndGlobalSection
	GlobalSection(SolutionProperties) = preSolution
		HideSolutionNode = FALSE
	EndGlobalSection
	GlobalSection(ExtensibilityGlobals) = postSolution
		SolutionGuid = {F633C1A8-639F-43A0-B489-163C5F587673}
	EndGlobalSection
EndGlobal
